
Microsoft Visual Studio Solution File, Format Version 12.00
# Visual Studio Version 17
VisualStudioVersion = 17.6.33927.249
MinimumVisualStudioVersion = 10.0.40219.1
Project("{FAE04EC0-301F-11D3-BF4B-00C04F79EFBC}") = "twittDeleter", "twittDeleter\twittDeleter.csproj", "{4A6EAEB6-8BE8-443B-AB0E-4A28FBFC16BC}"
EndProject
Global
	GlobalSection(SolutionConfigurationPlatforms) = preSolution
		Debug|Any CPU = Debug|Any CPU
		Release|Any CPU = Release|Any CPU
	EndGlobalSection
	GlobalSection(ProjectConfigurationPlatforms) = postSolution
		{4A6EAEB6-8BE8-443B-AB0E-4A28FBFC16BC}.Debug|Any CPU.ActiveCfg = Debug|Any CPU
		{4A6EAEB6-8BE8-443B-AB0E-4A28FBFC16BC}.Debug|Any CPU.Build.0 = Debug|Any CPU
		{4A6EAEB6-8BE8-443B-AB0E-4A28FBFC16BC}.Release|Any CPU.ActiveCfg = Release|Any CPU
		{4A6EAEB6-8BE8-443B-AB0E-4A28FBFC16BC}.Release|Any CPU.Build.0 = Release|Any CPU
	EndGlobalSection
	GlobalSection(SolutionProperties) = preSolution
		HideSolutionNode = FALSE
	EndGlobalSection
	GlobalSection(ExtensibilityGlobals) = postSolution
		SolutionGuid = {7A198C79-F18D-4E84-B94D-7A96172EA8C2}
	EndGlobalSection
EndGlobal
